github.com/995933447/simpletrace v0.0.0-20230217061256-c25a914bd376 h1:hIHav2TTYiAGn87d9CGiuuty5cT/YBOb5Uxs52FoDgs=
github.com/995933447/simpletrace v0.0.0-20230217061256-c25a914bd376/go.mod h1:Kh2+nE3eCIOSIwSo8Sxj/MbWt1KPMJJz+9SHptuYr6s=
github.com/995933447/stringhelper-go v0.0.0-20221220072216-628db3bc29d8 h1:q37SO0GTj/dk35jov187h3CACffZle6KjVzgGOrLkBM=
github.com/995933447/stringhelper-go v0.0.0-20221220072216-628db3bc29d8/go.mod h1:cwkwj1/zndmaLbRYgQqy6qwY/ITAiEMdR+1BGssgXik=
